
Microsoft Visual Studio Solution File, Format Version 12.00
# Visual Studio Version 16
VisualStudioVersion = 16.0.30128.74
MinimumVisualStudioVersion = 10.0.40219.1
Project("{9A19103F-16F7-4668-BE54-9A1E7A4F7556}") = "Fitness.BL", "Fitness.BL\Fitness.BL.csproj", "{48EA33D7-EC68-41F1-85C8-B30342177A43}"
EndProject
Project("{FAE04EC0-301F-11D3-BF4B-00C04F79EFBC}") = "Fitness.CMD", "Fitness.CMD\Fitness.CMD.csproj", "{0FACF076-AF60-4207-8BED-651E0994FC72}"
EndProject
Project("{FAE04EC0-301F-11D3-BF4B-00C04F79EFBC}") = "Fitness.BLTests", "Fitness.BLTests\Fitness.BLTests.csproj", "{A698C2EE-A556-44C8-9340-8F27F3702C41}"
EndProject
Global
	GlobalSection(SolutionConfigurationPlatforms) = preSolution
		Debug|Any CPU = Debug|Any CPU
		Release|Any CPU = Release|Any CPU
	EndGlobalSection
	GlobalSection(ProjectConfigurationPlatforms) = postSolution
		{48EA33D7-EC68-41F1-85C8-B30342177A43}.Debug|Any CPU.ActiveCfg = Debug|Any CPU
		{48EA33D7-EC68-41F1-85C8-B30342177A43}.Debug|Any CPU.Build.0 = Debug|Any CPU
		{48EA33D7-EC68-41F1-85C8-B30342177A43}.Release|Any CPU.ActiveCfg = Release|Any CPU
		{48EA33D7-EC68-41F1-85C8-B30342177A43}.Release|Any CPU.Build.0 = Release|Any CPU
		{0FACF076-AF60-4207-8BED-651E0994FC72}.Debug|Any CPU.ActiveCfg = Debug|Any CPU
		{0FACF076-AF60-4207-8BED-651E0994FC72}.Debug|Any CPU.Build.0 = Debug|Any CPU
		{0FACF076-AF60-4207-8BED-651E0994FC72}.Release|Any CPU.ActiveCfg = Release|Any CPU
		{0FACF076-AF60-4207-8BED-651E0994FC72}.Release|Any CPU.Build.0 = Release|Any CPU
		{A698C2EE-A556-44C8-9340-8F27F3702C41}.Debug|Any CPU.ActiveCfg = Debug|Any CPU
		{A698C2EE-A556-44C8-9340-8F27F3702C41}.Debug|Any CPU.Build.0 = Debug|Any CPU
		{A698C2EE-A556-44C8-9340-8F27F3702C41}.Release|Any CPU.ActiveCfg = Release|Any CPU
		{A698C2EE-A556-44C8-9340-8F27F3702C41}.Release|Any CPU.Build.0 = Release|Any CPU
	EndGlobalSection
	GlobalSection(SolutionProperties) = preSolution
		HideSolutionNode = FALSE
	EndGlobalSection
	GlobalSection(ExtensibilityGlobals) = postSolution
		SolutionGuid = {2615BF45-7F7F-4309-A9BA-A27BDE964B0B}
	EndGlobalSection
EndGlobal
